
Microsoft Visual Studio Solution File, Format Version 12.00
# Visual Studio Version 16
VisualStudioVersion = 16.0.29806.167
MinimumVisualStudioVersion = 10.0.40219.1
Project("{FAE04EC0-301F-11D3-BF4B-00C04F79EFBC}") = "resume", "resume\resume.csproj", "{9DCF7DF8-1E7E-47BA-A8B3-BFC8A5E48DDF}"
EndProject
Global
	GlobalSection(SolutionConfigurationPlatforms) = preSolution
		Debug|Any CPU = Debug|Any CPU
		Release|Any CPU = Release|Any CPU
	EndGlobalSection
	GlobalSection(ProjectConfigurationPlatforms) = postSolution
		{9DCF7DF8-1E7E-47BA-A8B3-BFC8A5E48DDF}.Debug|Any CPU.ActiveCfg = Debug|Any CPU
		{9DCF7DF8-1E7E-47BA-A8B3-BFC8A5E48DDF}.Debug|Any CPU.Build.0 = Debug|Any CPU
		{9DCF7DF8-1E7E-47BA-A8B3-BFC8A5E48DDF}.Release|Any CPU.ActiveCfg = Release|Any CPU
		{9DCF7DF8-1E7E-47BA-A8B3-BFC8A5E48DDF}.Release|Any CPU.Build.0 = Release|Any CPU
	EndGlobalSection
	GlobalSection(SolutionProperties) = preSolution
		HideSolutionNode = FALSE
	EndGlobalSection
	GlobalSection(ExtensibilityGlobals) = postSolution
		SolutionGuid = {7624D459-EC65-481F-9CFA-22340C8CB668}
	EndGlobalSection
EndGlobal
